// !$*UTF8*$!
{
	archiveVersion = 1;
	classes = {
	};
	objectVersion = 46;
	objects = {

/* Begin PBXBuildFile section */
		EB53F1881A384AC100E08EB0 /* Constants.swift in Sources */ = {isa = PBXBuildFile; fileRef = EB53F1871A384AC100E08EB0 /* Constants.swift */; };
		EB63DB2B1A32685D0070C125 /* MainViewController.swift in Sources */ = {isa = PBXBuildFile; fileRef = EB63DB2A1A32685D0070C125 /* MainViewController.swift */; };
		EB7B19811A2FF7AF00A714E9 /* AppDelegate.swift in Sources */ = {isa = PBXBuildFile; fileRef = EB7B19801A2FF7AF00A714E9 /* AppDelegate.swift */; };
		EB7B19841A2FF7AF00A714E9 /* GoalApp.xcdatamodeld in Sources */ = {isa = PBXBuildFile; fileRef = EB7B19821A2FF7AF00A714E9 /* GoalApp.xcdatamodeld */; };
		EB7B19891A2FF7AF00A714E9 /* Main.storyboard in Resources */ = {isa = PBXBuildFile; fileRef = EB7B19871A2FF7AF00A714E9 /* Main.storyboard */; };
		EB7B198B1A2FF7AF00A714E9 /* Images.xcassets in Resources */ = {isa = PBXBuildFile; fileRef = EB7B198A1A2FF7AF00A714E9 /* Images.xcassets */; };
		EB7B198E1A2FF7AF00A714E9 /* LaunchScreen.xib in Resources */ = {isa = PBXBuildFile; fileRef = EB7B198C1A2FF7AF00A714E9 /* LaunchScreen.xib */; };
		EB7B199A1A2FF7AF00A714E9 /* GoalAppTests.swift in Sources */ = {isa = PBXBuildFile; fileRef = EB7B19991A2FF7AF00A714E9 /* GoalAppTests.swift */; };
		EB9F11C31A32726000A6BFA4 /* GoalTableViewCell.swift in Sources */ = {isa = PBXBuildFile; fileRef = EB9F11C11A32726000A6BFA4 /* GoalTableViewCell.swift */; };
		EB9F11C41A32726000A6BFA4 /* GoalTableViewCell.xib in Resources */ = {isa = PBXBuildFile; fileRef = EB9F11C21A32726000A6BFA4 /* GoalTableViewCell.xib */; };
		EB9F11C71A32727200A6BFA4 /* ObjectiveTableViewCell.swift in Sources */ = {isa = PBXBuildFile; fileRef = EB9F11C51A32727200A6BFA4 /* ObjectiveTableViewCell.swift */; };
		EB9F11C81A32727200A6BFA4 /* ObjectiveTableViewCell.xib in Resources */ = {isa = PBXBuildFile; fileRef = EB9F11C61A32727200A6BFA4 /* ObjectiveTableViewCell.xib */; };
		EB9F11CB1A32727D00A6BFA4 /* StepTableViewCell.swift in Sources */ = {isa = PBXBuildFile; fileRef = EB9F11C91A32727D00A6BFA4 /* StepTableViewCell.swift */; };
		EB9F11CC1A32727D00A6BFA4 /* StepTableViewCell.xib in Resources */ = {isa = PBXBuildFile; fileRef = EB9F11CA1A32727D00A6BFA4 /* StepTableViewCell.xib */; };
		EBB1B13E1A3683FD0076059C /* User.swift in Sources */ = {isa = PBXBuildFile; fileRef = EBB1B13D1A3683FD0076059C /* User.swift */; };
		EBB1B1401A3684190076059C /* Goal.swift in Sources */ = {isa = PBXBuildFile; fileRef = EBB1B13F1A3684190076059C /* Goal.swift */; };
		EBB1B1421A3684230076059C /* Objective.swift in Sources */ = {isa = PBXBuildFile; fileRef = EBB1B1411A3684230076059C /* Objective.swift */; };
		EBB1B1441A36842C0076059C /* Step.swift in Sources */ = {isa = PBXBuildFile; fileRef = EBB1B1431A36842C0076059C /* Step.swift */; };
		EBB1B1481A3685770076059C /* StorageController.swift in Sources */ = {isa = PBXBuildFile; fileRef = EBB1B1471A3685770076059C /* StorageController.swift */; };
		EBB1B14C1A3692740076059C /* CreateViewController.swift in Sources */ = {isa = PBXBuildFile; fileRef = EBB1B14B1A3692740076059C /* CreateViewController.swift */; };
/* End PBXBuildFile section */

/* Begin PBXContainerItemProxy section */
		EB7B19941A2FF7AF00A714E9 /* PBXContainerItemProxy */ = {
			isa = PBXContainerItemProxy;
			containerPortal = EB7B19731A2FF7AF00A714E9 /* Project object */;
			proxyType = 1;
			remoteGlobalIDString = EB7B197A1A2FF7AF00A714E9;
			remoteInfo = GoalApp;
		};
/* End PBXContainerItemProxy section */

/* Begin PBXFileReference section */
		EB53F1871A384AC100E08EB0 /* Constants.swift */ = {isa = PBXFileReference; fileEncoding = 4; lastKnownFileType = sourcecode.swift; path = Constants.swift; sourceTree = "<group>"; };
		EB63DB2A1A32685D0070C125 /* MainViewController.swift */ = {isa = PBXFileReference; fileEncoding = 4; lastKnownFileType = sourcecode.swift; path = MainViewController.swift; sourceTree = "<group>"; };
		EB7B197B1A2FF7AF00A714E9 /* GoalApp.app */ = {isa = PBXFileReference; explicitFileType = wrapper.application; includeInIndex = 0; path = GoalApp.app; sourceTree = BUILT_PRODUCTS_DIR; };
		EB7B197F1A2FF7AF00A714E9 /* Info.plist */ = {isa = PBXFileReference; lastKnownFileType = text.plist.xml; path = Info.plist; sourceTree = "<group>"; };
		EB7B19801A2FF7AF00A714E9 /* AppDelegate.swift */ = {isa = PBXFileReference; lastKnownFileType = sourcecode.swift; path = AppDelegate.swift; sourceTree = "<group>"; };
		EB7B19831A2FF7AF00A714E9 /* GoalApp.xcdatamodel */ = {isa = PBXFileReference; lastKnownFileType = wrapper.xcdatamodel; path = GoalApp.xcdatamodel; sourceTree = "<group>"; };
		EB7B19881A2FF7AF00A714E9 /* Base */ = {isa = PBXFileReference; lastKnownFileType = file.storyboard; name = Base; path = Base.lproj/Main.storyboard; sourceTree = "<group>"; };
		EB7B198A1A2FF7AF00A714E9 /* Images.xcassets */ = {isa = PBXFileReference; lastKnownFileType = folder.assetcatalog; path = Images.xcassets; sourceTree = "<group>"; };
		EB7B198D1A2FF7AF00A714E9 /* Base */ = {isa = PBXFileReference; lastKnownFileType = file.xib; name = Base; path = Base.lproj/LaunchScreen.xib; sourceTree = "<group>"; };
		EB7B19931A2FF7AF00A714E9 /* GoalAppTests.xctest */ = {isa = PBXFileReference; explicitFileType = wrapper.cfbundle; includeInIndex = 0; path = GoalAppTests.xctest; sourceTree = BUILT_PRODUCTS_DIR; };
		EB7B19981A2FF7AF00A714E9 /* Info.plist */ = {isa = PBXFileReference; lastKnownFileType = text.plist.xml; path = Info.plist; sourceTree = "<group>"; };
		EB7B19991A2FF7AF00A714E9 /* GoalAppTests.swift */ = {isa = PBXFileReference; lastKnownFileType = sourcecode.swift; path = GoalAppTests.swift; sourceTree = "<group>"; };
		EB9F11C11A32726000A6BFA4 /* GoalTableViewCell.swift */ = {isa = PBXFileReference; fileEncoding = 4; lastKnownFileType = sourcecode.swift; path = GoalTableViewCell.swift; sourceTree = "<group>"; };
		EB9F11C21A32726000A6BFA4 /* GoalTableViewCell.xib */ = {isa = PBXFileReference; fileEncoding = 4; lastKnownFileType = file.xib; path = GoalTableViewCell.xib; sourceTree = "<group>"; };
		EB9F11C51A32727200A6BFA4 /* ObjectiveTableViewCell.swift */ = {isa = PBXFileReference; fileEncoding = 4; lastKnownFileType = sourcecode.swift; path = ObjectiveTableViewCell.swift; sourceTree = "<group>"; };
		EB9F11C61A32727200A6BFA4 /* ObjectiveTableViewCell.xib */ = {isa = PBXFileReference; fileEncoding = 4; lastKnownFileType = file.xib; path = ObjectiveTableViewCell.xib; sourceTree = "<group>"; };
		EB9F11C91A32727D00A6BFA4 /* StepTableViewCell.swift */ = {isa = PBXFileReference; fileEncoding = 4; lastKnownFileType = sourcecode.swift; path = StepTableViewCell.swift; sourceTree = "<group>"; };
		EB9F11CA1A32727D00A6BFA4 /* StepTableViewCell.xib */ = {isa = PBXFileReference; fileEncoding = 4; lastKnownFileType = file.xib; path = StepTableViewCell.xib; sourceTree = "<group>"; };
		EBB1B13D1A3683FD0076059C /* User.swift */ = {isa = PBXFileReference; fileEncoding = 4; lastKnownFileType = sourcecode.swift; path = User.swift; sourceTree = "<group>"; };
		EBB1B13F1A3684190076059C /* Goal.swift */ = {isa = PBXFileReference; fileEncoding = 4; lastKnownFileType = sourcecode.swift; name = Goal.swift; path = ../Goal.swift; sourceTree = "<group>"; };
		EBB1B1411A3684230076059C /* Objective.swift */ = {isa = PBXFileReference; fileEncoding = 4; lastKnownFileType = sourcecode.swift; name = Objective.swift; path = ../Objective.swift; sourceTree = "<group>"; };
		EBB1B1431A36842C0076059C /* Step.swift */ = {isa = PBXFileReference; fileEncoding = 4; lastKnownFileType = sourcecode.swift; name = Step.swift; path = ../Step.swift; sourceTree = "<group>"; };
		EBB1B1471A3685770076059C /* StorageController.swift */ = {isa = PBXFileReference; fileEncoding = 4; lastKnownFileType = sourcecode.swift; path = StorageController.swift; sourceTree = "<group>"; };
		EBB1B14B1A3692740076059C /* CreateViewController.swift */ = {isa = PBXFileReference; fileEncoding = 4; lastKnownFileType = sourcecode.swift; name = CreateViewController.swift; path = ../CreateViewController.swift; sourceTree = "<group>"; };
/* End PBXFileReference section */

/* Begin PBXFrameworksBuildPhase section */
		EB7B19781A2FF7AF00A714E9 /* Frameworks */ = {
			isa = PBXFrameworksBuildPhase;
			buildActionMask = 2147483647;
			files = (
			);
			runOnlyForDeploymentPostprocessing = 0;
		};
		EB7B19901A2FF7AF00A714E9 /* Frameworks */ = {
			isa = PBXFrameworksBuildPhase;
			buildActionMask = 2147483647;
			files = (
			);
			runOnlyForDeploymentPostprocessing = 0;
		};
/* End PBXFrameworksBuildPhase section */

/* Begin PBXGroup section */
		EB7B19721A2FF7AF00A714E9 = {
			isa = PBXGroup;
			children = (
				EB7B197D1A2FF7AF00A714E9 /* GoalApp */,
				EB7B19961A2FF7AF00A714E9 /* GoalAppTests */,
				EB7B197C1A2FF7AF00A714E9 /* Products */,
			);
			sourceTree = "<group>";
		};
		EB7B197C1A2FF7AF00A714E9 /* Products */ = {
			isa = PBXGroup;
			children = (
				EB7B197B1A2FF7AF00A714E9 /* GoalApp.app */,
				EB7B19931A2FF7AF00A714E9 /* GoalAppTests.xctest */,
			);
			name = Products;
			sourceTree = "<group>";
		};
		EB7B197D1A2FF7AF00A714E9 /* GoalApp */ = {
			isa = PBXGroup;
			children = (
				EB7B19801A2FF7AF00A714E9 /* AppDelegate.swift */,
				EB53F1871A384AC100E08EB0 /* Constants.swift */,
				EB7B19A51A305D5100A714E9 /* Controller */,
				EB7B19A31A305D4700A714E9 /* Model */,
				EB7B19A41A305D4D00A714E9 /* View */,
				EB7B198A1A2FF7AF00A714E9 /* Images.xcassets */,
				EB7B19821A2FF7AF00A714E9 /* GoalApp.xcdatamodeld */,
				EB7B197E1A2FF7AF00A714E9 /* Supporting Files */,
			);
			path = GoalApp;
			sourceTree = "<group>";
		};
		EB7B197E1A2FF7AF00A714E9 /* Supporting Files */ = {
			isa = PBXGroup;
			children = (
				EB7B197F1A2FF7AF00A714E9 /* Info.plist */,
			);
			name = "Supporting Files";
			sourceTree = "<group>";
		};
		EB7B19961A2FF7AF00A714E9 /* GoalAppTests */ = {
			isa = PBXGroup;
			children = (
				EB7B19991A2FF7AF00A714E9 /* GoalAppTests.swift */,
				EB7B19971A2FF7AF00A714E9 /* Supporting Files */,
			);
			path = GoalAppTests;
			sourceTree = "<group>";
		};
		EB7B19971A2FF7AF00A714E9 /* Supporting Files */ = {
			isa = PBXGroup;
			children = (
				EB7B19981A2FF7AF00A714E9 /* Info.plist */,
			);
			name = "Supporting Files";
			sourceTree = "<group>";
		};
		EB7B19A31A305D4700A714E9 /* Model */ = {
			isa = PBXGroup;
			children = (
				EBB1B1451A3684390076059C /* Cells */,
				EBB1B13D1A3683FD0076059C /* User.swift */,
				EBB1B13F1A3684190076059C /* Goal.swift */,
				EBB1B1411A3684230076059C /* Objective.swift */,
				EBB1B1431A36842C0076059C /* Step.swift */,
			);
			name = Model;
			sourceTree = "<group>";
		};
		EB7B19A41A305D4D00A714E9 /* View */ = {
			isa = PBXGroup;
			children = (
				EBB1B1461A36844B0076059C /* Cells */,
				EB7B19871A2FF7AF00A714E9 /* Main.storyboard */,
				EB7B198C1A2FF7AF00A714E9 /* LaunchScreen.xib */,
			);
			name = View;
			sourceTree = "<group>";
		};
		EB7B19A51A305D5100A714E9 /* Controller */ = {
			isa = PBXGroup;
			children = (
				EBB1B14B1A3692740076059C /* CreateViewController.swift */,
				EB63DB2A1A32685D0070C125 /* MainViewController.swift */,
				EBB1B1471A3685770076059C /* StorageController.swift */,
			);
			name = Controller;
			sourceTree = "<group>";
		};
		EBB1B1451A3684390076059C /* Cells */ = {
			isa = PBXGroup;
			children = (
				EB9F11C11A32726000A6BFA4 /* GoalTableViewCell.swift */,
				EB9F11C51A32727200A6BFA4 /* ObjectiveTableViewCell.swift */,
				EB9F11C91A32727D00A6BFA4 /* StepTableViewCell.swift */,
			);
			name = Cells;
			sourceTree = "<group>";
		};
		EBB1B1461A36844B0076059C /* Cells */ = {
			isa = PBXGroup;
			children = (
				EB9F11C21A32726000A6BFA4 /* GoalTableViewCell.xib */,
				EB9F11C61A32727200A6BFA4 /* ObjectiveTableViewCell.xib */,
				EB9F11CA1A32727D00A6BFA4 /* StepTableViewCell.xib */,
			);
			name = Cells;
			sourceTree = "<group>";
		};
/* End PBXGroup section */

/* Begin PBXNativeTarget section */
		EB7B197A1A2FF7AF00A714E9 /* GoalApp */ = {
			isa = PBXNativeTarget;
			buildConfigurationList = EB7B199D1A2FF7AF00A714E9 /* Build configuration list for PBXNativeTarget "GoalApp" */;
			buildPhases = (
				EB7B19771A2FF7AF00A714E9 /* Sources */,
				EB7B19781A2FF7AF00A714E9 /* Frameworks */,
				EB7B19791A2FF7AF00A714E9 /* Resources */,
			);
			buildRules = (
			);
			dependencies = (
			);
			name = GoalApp;
			productName = GoalApp;
			productReference = EB7B197B1A2FF7AF00A714E9 /* GoalApp.app */;
			productType = "com.apple.product-type.application";
		};
		EB7B19921A2FF7AF00A714E9 /* GoalAppTests */ = {
			isa = PBXNativeTarget;
			buildConfigurationList = EB7B19A01A2FF7AF00A714E9 /* Build configuration list for PBXNativeTarget "GoalAppTests" */;
			buildPhases = (
				EB7B198F1A2FF7AF00A714E9 /* Sources */,
				EB7B19901A2FF7AF00A714E9 /* Frameworks */,
				EB7B19911A2FF7AF00A714E9 /* Resources */,
			);
			buildRules = (
			);
			dependencies = (
				EB7B19951A2FF7AF00A714E9 /* PBXTargetDependency */,
			);
			name = GoalAppTests;
			productName = GoalAppTests;
			productReference = EB7B19931A2FF7AF00A714E9 /* GoalAppTests.xctest */;
			productType = "com.apple.product-type.bundle.unit-test";
		};
/* End PBXNativeTarget section */

/* Begin PBXProject section */
		EB7B19731A2FF7AF00A714E9 /* Project object */ = {
			isa = PBXProject;
			attributes = {
				LastUpgradeCheck = 0610;
				ORGANIZATIONNAME = VincentLee;
				TargetAttributes = {
					EB7B197A1A2FF7AF00A714E9 = {
						CreatedOnToolsVersion = 6.1.1;
					};
					EB7B19921A2FF7AF00A714E9 = {
						CreatedOnToolsVersion = 6.1.1;
						TestTargetID = EB7B197A1A2FF7AF00A714E9;
					};
				};
			};
			buildConfigurationList = EB7B19761A2FF7AF00A714E9 /* Build configuration list for PBXProject "GoalApp" */;
			compatibilityVersion = "Xcode 3.2";
			developmentRegion = English;
			hasScannedForEncodings = 0;
			knownRegions = (
				en,
				Base,
			);
			mainGroup = EB7B19721A2FF7AF00A714E9;
			productRefGroup = EB7B197C1A2FF7AF00A714E9 /* Products */;
			projectDirPath = "";
			projectRoot = "";
			targets = (
				EB7B197A1A2FF7AF00A714E9 /* GoalApp */,
				EB7B19921A2FF7AF00A714E9 /* GoalAppTests */,
			);
		};
/* End PBXProject section */

/* Begin PBXResourcesBuildPhase section */
		EB7B19791A2FF7AF00A714E9 /* Resources */ = {
			isa = PBXResourcesBuildPhase;
			buildActionMask = 2147483647;
			files = (
				EB9F11C41A32726000A6BFA4 /* GoalTableViewCell.xib in Resources */,
				EB9F11CC1A32727D00A6BFA4 /* StepTableViewCell.xib in Resources */,
				EB9F11C81A32727200A6BFA4 /* ObjectiveTableViewCell.xib in Resources */,
				EB7B19891A2FF7AF00A714E9 /* Main.storyboard in Resources */,
				EB7B198E1A2FF7AF00A714E9 /* LaunchScreen.xib in Resources */,
				EB7B198B1A2FF7AF00A714E9 /* Images.xcassets in Resources */,
			);
			runOnlyForDeploymentPostprocessing = 0;
		};
		EB7B19911A2FF7AF00A714E9 /* Resources */ = {
			isa = PBXResourcesBuildPhase;
			buildActionMask = 2147483647;
			files = (
			);
			runOnlyForDeploymentPostprocessing = 0;
		};
/* End PBXResourcesBuildPhase section */

/* Begin PBXSourcesBuildPhase section */
		EB7B19771A2FF7AF00A714E9 /* Sources */ = {
			isa = PBXSourcesBuildPhase;
			buildActionMask = 2147483647;
			files = (
				EBB1B1421A3684230076059C /* Objective.swift in Sources */,
				EBB1B1401A3684190076059C /* Goal.swift in Sources */,
				EB9F11C31A32726000A6BFA4 /* GoalTableViewCell.swift in Sources */,
				EB7B19841A2FF7AF00A714E9 /* GoalApp.xcdatamodeld in Sources */,
				EB9F11C71A32727200A6BFA4 /* ObjectiveTableViewCell.swift in Sources */,
				EBB1B1481A3685770076059C /* StorageController.swift in Sources */,
				EB9F11CB1A32727D00A6BFA4 /* StepTableViewCell.swift in Sources */,
				EB53F1881A384AC100E08EB0 /* Constants.swift in Sources */,
				EB7B19811A2FF7AF00A714E9 /* AppDelegate.swift in Sources */,
				EBB1B14C1A3692740076059C /* CreateViewController.swift in Sources */,
				EBB1B1441A36842C0076059C /* Step.swift in Sources */,
				EB63DB2B1A32685D0070C125 /* MainViewController.swift in Sources */,
				EBB1B13E1A3683FD0076059C /* User.swift in Sources */,
			);
			runOnlyForDeploymentPostprocessing = 0;
		};
		EB7B198F1A2FF7AF00A714E9 /* Sources */ = {
			isa = PBXSourcesBuildPhase;
			buildActionMask = 2147483647;
			files = (
				EB7B199A1A2FF7AF00A714E9 /* GoalAppTests.swift in Sources */,
			);
			runOnlyForDeploymentPostprocessing = 0;
		};
/* End PBXSourcesBuildPhase section */

/* Begin PBXTargetDependency section */
		EB7B19951A2FF7AF00A714E9 /* PBXTargetDependency */ = {
			isa = PBXTargetDependency;
			target = EB7B197A1A2FF7AF00A714E9 /* GoalApp */;
			targetProxy = EB7B19941A2FF7AF00A714E9 /* PBXContainerItemProxy */;
		};
/* End PBXTargetDependency section */

/* Begin PBXVariantGroup section */
		EB7B19871A2FF7AF00A714E9 /* Main.storyboard */ = {
			isa = PBXVariantGroup;
			children = (
				EB7B19881A2FF7AF00A714E9 /* Base */,
			);
			name = Main.storyboard;
			sourceTree = "<group>";
		};
		EB7B198C1A2FF7AF00A714E9 /* LaunchScreen.xib */ = {
			isa = PBXVariantGroup;
			children = (
				EB7B198D1A2FF7AF00A714E9 /* Base */,
			);
			name = LaunchScreen.xib;
			sourceTree = "<group>";
		};
/* End PBXVariantGroup section */

/* Begin XCBuildConfiguration section */
		EB7B199B1A2FF7AF00A714E9 /* Debug */ = {
			isa = XCBuildConfiguration;
			buildSettings = {
				ALWAYS_SEARCH_USER_PATHS = NO;
				CLANG_CXX_LANGUAGE_STANDARD = "gnu++0x";
				CLANG_CXX_LIBRARY = "libc++";
				CLANG_ENABLE_MODULES = YES;
				CLANG_ENABLE_OBJC_ARC = YES;
				CLANG_WARN_BOOL_CONVERSION = YES;
				CLANG_WARN_CONSTANT_CONVERSION = YES;
				CLANG_WARN_DIRECT_OBJC_ISA_USAGE = YES_ERROR;
				CLANG_WARN_EMPTY_BODY = YES;
				CLANG_WARN_ENUM_CONVERSION = YES;
				CLANG_WARN_INT_CONVERSION = YES;
				CLANG_WARN_OBJC_ROOT_CLASS = YES_ERROR;
				CLANG_WARN_UNREACHABLE_CODE = YES;
				CLANG_WARN__DUPLICATE_METHOD_MATCH = YES;
				"CODE_SIGN_IDENTITY[sdk=iphoneos*]" = "iPhone Developer";
				COPY_PHASE_STRIP = NO;
				ENABLE_STRICT_OBJC_MSGSEND = YES;
				GCC_C_LANGUAGE_STANDARD = gnu99;
				GCC_DYNAMIC_NO_PIC = NO;
				GCC_OPTIMIZATION_LEVEL = 0;
				GCC_PREPROCESSOR_DEFINITIONS = (
					"DEBUG=1",
					"$(inherited)",
				);
				GCC_SYMBOLS_PRIVATE_EXTERN = NO;
				GCC_WARN_64_TO_32_BIT_CONVERSION = YES;
				GCC_WARN_ABOUT_RETURN_TYPE = YES_ERROR;
				GCC_WARN_UNDECLARED_SELECTOR = YES;
				GCC_WARN_UNINITIALIZED_AUTOS = YES_AGGRESSIVE;
				GCC_WARN_UNUSED_FUNCTION = YES;
				GCC_WARN_UNUSED_VARIABLE = YES;
				IPHONEOS_DEPLOYMENT_TARGET = 8.1;
				MTL_ENABLE_DEBUG_INFO = YES;
				ONLY_ACTIVE_ARCH = YES;
				SDKROOT = iphoneos;
				SWIFT_OPTIMIZATION_LEVEL = "-Onone";
				TARGETED_DEVICE_FAMILY = "1,2";
			};
			name = Debug;
		};
		EB7B199C1A2FF7AF00A714E9 /* Release */ = {
			isa = XCBuildConfiguration;
			buildSettings = {
				ALWAYS_SEARCH_USER_PATHS = NO;
				CLANG_CXX_LANGUAGE_STANDARD = "gnu++0x";
				CLANG_CXX_LIBRARY = "libc++";
				CLANG_ENABLE_MODULES = YES;
				CLANG_ENABLE_OBJC_ARC = YES;
				CLANG_WARN_BOOL_CONVERSION = YES;
				CLANG_WARN_CONSTANT_CONVERSION = YES;
				CLANG_WARN_DIRECT_OBJC_ISA_USAGE = YES_ERROR;
				CLANG_WARN_EMPTY_BODY = YES;
				CLANG_WARN_ENUM_CONVERSION = YES;
				CLANG_WARN_INT_CONVERSION = YES;
				CLANG_WARN_OBJC_ROOT_CLASS = YES_ERROR;
				CLANG_WARN_UNREACHABLE_CODE = YES;
				CLANG_WARN__DUPLICATE_METHOD_MATCH = YES;
				"CODE_SIGN_IDENTITY[sdk=iphoneos*]" = "iPhone Developer";
				COPY_PHASE_STRIP = YES;
				ENABLE_NS_ASSERTIONS = NO;
				ENABLE_STRICT_OBJC_MSGSEND = YES;
				GCC_C_LANGUAGE_STANDARD = gnu99;
				GCC_WARN_64_TO_32_BIT_CONVERSION = YES;
				GCC_WARN_ABOUT_RETURN_TYPE = YES_ERROR;
				GCC_WARN_UNDECLARED_SELECTOR = YES;
				GCC_WARN_UNINITIALIZED_AUTOS = YES_AGGRESSIVE;
				GCC_WARN_UNUSED_FUNCTION = YES;
				GCC_WARN_UNUSED_VARIABLE = YES;
				IPHONEOS_DEPLOYMENT_TARGET = 8.1;
				MTL_ENABLE_DEBUG_INFO = NO;
				SDKROOT = iphoneos;
				TARGETED_DEVICE_FAMILY = "1,2";
				VALIDATE_PRODUCT = YES;
			};
			name = Release;
		};
		EB7B199E1A2FF7AF00A714E9 /* Debug */ = {
			isa = XCBuildConfiguration;
			buildSettings = {
				ASSETCATALOG_COMPILER_APPICON_NAME = AppIcon;
				INFOPLIST_FILE = GoalApp/Info.plist;
				IPHONEOS_DEPLOYMENT_TARGET = 8.1;
				LD_RUNPATH_SEARCH_PATHS = "$(inherited) @executable_path/Frameworks";
				PRODUCT_NAME = "$(TARGET_NAME)";
			};
			name = Debug;
		};
		EB7B199F1A2FF7AF00A714E9 /* Release */ = {
			isa = XCBuildConfiguration;
			buildSettings = {
				ASSETCATALOG_COMPILER_APPICON_NAME = AppIcon;
				INFOPLIST_FILE = GoalApp/Info.plist;
				IPHONEOS_DEPLOYMENT_TARGET = 8.1;
				LD_RUNPATH_SEARCH_PATHS = "$(inherited) @executable_path/Frameworks";
				PRODUCT_NAME = "$(TARGET_NAME)";
			};
			name = Release;
		};
		EB7B19A11A2FF7AF00A714E9 /* Debug */ = {
			isa = XCBuildConfiguration;
			buildSettings = {
				BUNDLE_LOADER = "$(TEST_HOST)";
				FRAMEWORK_SEARCH_PATHS = (
					"$(SDKROOT)/Developer/Library/Frameworks",
					"$(inherited)",
				);
				GCC_PREPROCESSOR_DEFINITIONS = (
					"DEBUG=1",
					"$(inherited)",
				);
				INFOPLIST_FILE = GoalAppTests/Info.plist;
				LD_RUNPATH_SEARCH_PATHS = "$(inherited) @executable_path/Frameworks @loader_path/Frameworks";
				PRODUCT_NAME = "$(TARGET_NAME)";
				TEST_HOST = "$(BUILT_PRODUCTS_DIR)/GoalApp.app/GoalApp";
			};
			name = Debug;
		};
		EB7B19A21A2FF7AF00A714E9 /* Release */ = {
			isa = XCBuildConfiguration;
			buildSettings = {
				BUNDLE_LOADER = "$(TEST_HOST)";
				FRAMEWORK_SEARCH_PATHS = (
					"$(SDKROOT)/Developer/Library/Frameworks",
					"$(inherited)",
				);
				INFOPLIST_FILE = GoalAppTests/Info.plist;
				LD_RUNPATH_SEARCH_PATHS = "$(inherited) @executable_path/Frameworks @loader_path/Frameworks";
				PRODUCT_NAME = "$(TARGET_NAME)";
				TEST_HOST = "$(BUILT_PRODUCTS_DIR)/GoalApp.app/GoalApp";
			};
			name = Release;
		};
/* End XCBuildConfiguration section */

/* Begin XCConfigurationList section */
		EB7B19761A2FF7AF00A714E9 /* Build configuration list for PBXProject "GoalApp" */ = {
			isa = XCConfigurationList;
			buildConfigurations = (
				EB7B199B1A2FF7AF00A714E9 /* Debug */,
				EB7B199C1A2FF7AF00A714E9 /* Release */,
			);
			defaultConfigurationIsVisible = 0;
			defaultConfigurationName = Release;
		};
		EB7B199D1A2FF7AF00A714E9 /* Build configuration list for PBXNativeTarget "GoalApp" */ = {
			isa = XCConfigurationList;
			buildConfigurations = (
				EB7B199E1A2FF7AF00A714E9 /* Debug */,
				EB7B199F1A2FF7AF00A714E9 /* Release */,
			);
			defaultConfigurationIsVisible = 0;
			defaultConfigurationName = Release;
		};
		EB7B19A01A2FF7AF00A714E9 /* Build configuration list for PBXNativeTarget "GoalAppTests" */ = {
			isa = XCConfigurationList;
			buildConfigurations = (
				EB7B19A11A2FF7AF00A714E9 /* Debug */,
				EB7B19A21A2FF7AF00A714E9 /* Release */,
			);
			defaultConfigurationIsVisible = 0;
			defaultConfigurationName = Release;
		};
/* End XCConfigurationList section */

/* Begin XCVersionGroup section */
		EB7B19821A2FF7AF00A714E9 /* GoalApp.xcdatamodeld */ = {
			isa = XCVersionGroup;
			children = (
				EB7B19831A2FF7AF00A714E9 /* GoalApp.xcdatamodel */,
			);
			currentVersion = EB7B19831A2FF7AF00A714E9 /* GoalApp.xcdatamodel */;
			path = GoalApp.xcdatamodeld;
			sourceTree = "<group>";
			versionGroupType = wrapper.xcdatamodel;
		};
/* End XCVersionGroup section */
	};
	rootObject = EB7B19731A2FF7AF00A714E9 /* Project object */;
}
